// !$*UTF8*$!
{
	archiveVersion = 1;
	classes = {
	};
	objectVersion = 56;
	objects = {

/* Begin PBXBuildFile section */
		2E39A9AC2BF03D7C00A93F19 /* Utils.swift in Sources */ = {isa = PBXBuildFile; fileRef = 2E39A9AB2BF03D7C00A93F19 /* Utils.swift */; };
		2E53A2FC2BEFE5CD00D81297 /* HomeNavigationStack.swift in Sources */ = {isa = PBXBuildFile; fileRef = 2E53A2FB2BEFE5CD00D81297 /* HomeNavigationStack.swift */; };
		2E53A2FF2BEFF46400D81297 /* CustomContentUnavailableView.swift in Sources */ = {isa = PBXBuildFile; fileRef = 2E53A2FE2BEFF46400D81297 /* CustomContentUnavailableView.swift */; };
		2E5868A32BFD471300222850 /* WeightInput.swift in Sources */ = {isa = PBXBuildFile; fileRef = 2E5868A22BFD471300222850 /* WeightInput.swift */; };
		2E5868A52BFD47A000222850 /* WeightInputView.swift in Sources */ = {isa = PBXBuildFile; fileRef = 2E5868A42BFD47A000222850 /* WeightInputView.swift */; };
		2E5868AA2BFD6B1F00222850 /* BasicInfoCardView.swift in Sources */ = {isa = PBXBuildFile; fileRef = 2E5868A92BFD6B1F00222850 /* BasicInfoCardView.swift */; };
		2E5FF2C22BF67BD500779ADC /* BackgroundView.swift in Sources */ = {isa = PBXBuildFile; fileRef = 2E5FF2C12BF67BD500779ADC /* BackgroundView.swift */; };
		2E5FF2C42BF67F4500779ADC /* ActivityPermissionsView.swift in Sources */ = {isa = PBXBuildFile; fileRef = 2E5FF2C32BF67F4500779ADC /* ActivityPermissionsView.swift */; };
		2E5FF2C62BF6A0FA00779ADC /* AllSetView.swift in Sources */ = {isa = PBXBuildFile; fileRef = 2E5FF2C52BF6A0FA00779ADC /* AllSetView.swift */; };
		2E5FF2C82BF6A12800779ADC /* OnboardingTitleAndSubtitle.swift in Sources */ = {isa = PBXBuildFile; fileRef = 2E5FF2C72BF6A12800779ADC /* OnboardingTitleAndSubtitle.swift */; };
		2E64893F2BF6CFDC00D083FB /* Int.swift in Sources */ = {isa = PBXBuildFile; fileRef = 2E64893E2BF6CFDC00D083FB /* Int.swift */; };
		2E69B9E02BF93F2E0006E12A /* DateFormatter.swift in Sources */ = {isa = PBXBuildFile; fileRef = 2E69B9DF2BF93F2E0006E12A /* DateFormatter.swift */; };
		2E6A57692BF8D0E90012F0C1 /* TimePeriod.swift in Sources */ = {isa = PBXBuildFile; fileRef = 2E6A57682BF8D0E90012F0C1 /* TimePeriod.swift */; };
		2E7183C32BF8066E0029CAF0 /* HomeCardGroupBoxStyle.swift in Sources */ = {isa = PBXBuildFile; fileRef = 2E7183C22BF8066E0029CAF0 /* HomeCardGroupBoxStyle.swift */; };
		2E7183C52BF827DF0029CAF0 /* StepGoalManager.swift in Sources */ = {isa = PBXBuildFile; fileRef = 2E7183C42BF827DF0029CAF0 /* StepGoalManager.swift */; };
		2E8806052BF54AE300E12456 /* OnboardingView.swift in Sources */ = {isa = PBXBuildFile; fileRef = 2E8806042BF54AE300E12456 /* OnboardingView.swift */; };
		2E8806072BF5548200E12456 /* SetStepGoalView.swift in Sources */ = {isa = PBXBuildFile; fileRef = 2E8806062BF5548200E12456 /* SetStepGoalView.swift */; };
		2E8806092BF5568400E12456 /* OnboardingViewModel.swift in Sources */ = {isa = PBXBuildFile; fileRef = 2E8806082BF5568400E12456 /* OnboardingViewModel.swift */; };
		2E88060B2BF562CC00E12456 /* CustomButton.swift in Sources */ = {isa = PBXBuildFile; fileRef = 2E88060A2BF562CC00E12456 /* CustomButton.swift */; };
		2E88060D2BF5636400E12456 /* StepperView.swift in Sources */ = {isa = PBXBuildFile; fileRef = 2E88060C2BF5636400E12456 /* StepperView.swift */; };
		2E90E78E2BFE58D5003DE59F /* UpdateStepGoalView.swift in Sources */ = {isa = PBXBuildFile; fileRef = 2E90E78D2BFE58D5003DE59F /* UpdateStepGoalView.swift */; };
		2EA2F5C52BFA3D39003E3526 /* WeightView.swift in Sources */ = {isa = PBXBuildFile; fileRef = 2EA2F5C42BFA3D39003E3526 /* WeightView.swift */; };
		2EA2F5C72BFA444A003E3526 /* Weight.swift in Sources */ = {isa = PBXBuildFile; fileRef = 2EA2F5C62BFA444A003E3526 /* Weight.swift */; };
		2EA2F5C92BFA72BA003E3526 /* LogWeightView.swift in Sources */ = {isa = PBXBuildFile; fileRef = 2EA2F5C82BFA72BA003E3526 /* LogWeightView.swift */; };
		2EA2F5CB2BFA9304003E3526 /* Double.swift in Sources */ = {isa = PBXBuildFile; fileRef = 2EA2F5CA2BFA9304003E3526 /* Double.swift */; };
		2EA2F5D02BFAB171003E3526 /* UpdateWeightView.swift in Sources */ = {isa = PBXBuildFile; fileRef = 2EA2F5CF2BFAB171003E3526 /* UpdateWeightView.swift */; };
		2EA2F5D22BFAB665003E3526 /* WeightChartView.swift in Sources */ = {isa = PBXBuildFile; fileRef = 2EA2F5D12BFAB665003E3526 /* WeightChartView.swift */; };
		2EA2F5D42BFAB7B7003E3526 /* WeightContentUnavailableView.swift in Sources */ = {isa = PBXBuildFile; fileRef = 2EA2F5D32BFAB7B7003E3526 /* WeightContentUnavailableView.swift */; };
		2EA3733E2BEF97A000843FCA /* ReadHeightViewModifier.swift in Sources */ = {isa = PBXBuildFile; fileRef = 2EA3733D2BEF97A000843FCA /* ReadHeightViewModifier.swift */; };
		2EA373412BEFCB7A00843FCA /* AverageStepsView.swift in Sources */ = {isa = PBXBuildFile; fileRef = 2EA373402BEFCB7A00843FCA /* AverageStepsView.swift */; };
		2EA373442BEFD69700843FCA /* DailyStep.swift in Sources */ = {isa = PBXBuildFile; fileRef = 2EA373432BEFD69700843FCA /* DailyStep.swift */; };
		2EBC6EAB2BF4255F00FCDBA4 /* CardView.swift in Sources */ = {isa = PBXBuildFile; fileRef = 2EBC6EAA2BF4255F00FCDBA4 /* CardView.swift */; };
		2EBC6EAD2BF4274A00FCDBA4 /* LoadingView.swift in Sources */ = {isa = PBXBuildFile; fileRef = 2EBC6EAC2BF4274A00FCDBA4 /* LoadingView.swift */; };
		2EC6CABB2BEE8F2C009C7002 /* FittieApp.swift in Sources */ = {isa = PBXBuildFile; fileRef = 2EC6CABA2BEE8F2C009C7002 /* FittieApp.swift */; };
		2EC6CABD2BEE8F2C009C7002 /* ContentView.swift in Sources */ = {isa = PBXBuildFile; fileRef = 2EC6CABC2BEE8F2C009C7002 /* ContentView.swift */; };
		2EC6CABF2BEE8F2F009C7002 /* Assets.xcassets in Resources */ = {isa = PBXBuildFile; fileRef = 2EC6CABE2BEE8F2F009C7002 /* Assets.xcassets */; };
		2EC6CAC22BEE8F2F009C7002 /* Preview Assets.xcassets in Resources */ = {isa = PBXBuildFile; fileRef = 2EC6CAC12BEE8F2F009C7002 /* Preview Assets.xcassets */; };
		2EC6CACA2BEE9116009C7002 /* HomeView.swift in Sources */ = {isa = PBXBuildFile; fileRef = 2EC6CAC92BEE9116009C7002 /* HomeView.swift */; };
		2EC6CACE2BEE91F4009C7002 /* AppScreen.swift in Sources */ = {isa = PBXBuildFile; fileRef = 2EC6CACD2BEE91F4009C7002 /* AppScreen.swift */; };
		2EC6CAD12BEE92C2009C7002 /* Localizable.strings in Resources */ = {isa = PBXBuildFile; fileRef = 2EC6CAD02BEE92C2009C7002 /* Localizable.strings */; };
		2EC6CAD32BEE9378009C7002 /* AppTabView.swift in Sources */ = {isa = PBXBuildFile; fileRef = 2EC6CAD22BEE9378009C7002 /* AppTabView.swift */; };
		2EC6CAD62BEEBF37009C7002 /* Factory in Frameworks */ = {isa = PBXBuildFile; productRef = 2EC6CAD52BEEBF37009C7002 /* Factory */; };
		2EC6CAD92BEEBF52009C7002 /* HealthKitManager.swift in Sources */ = {isa = PBXBuildFile; fileRef = 2EC6CAD82BEEBF52009C7002 /* HealthKitManager.swift */; };
		2EC6CADE2BEEC2A5009C7002 /* Containers.swift in Sources */ = {isa = PBXBuildFile; fileRef = 2EC6CADD2BEEC2A5009C7002 /* Containers.swift */; };
		2EC6CAE02BEEC2FC009C7002 /* HomeViewModel.swift in Sources */ = {isa = PBXBuildFile; fileRef = 2EC6CADF2BEEC2FC009C7002 /* HomeViewModel.swift */; };
		2EC6CAE22BEED1D5009C7002 /* CustomError.swift in Sources */ = {isa = PBXBuildFile; fileRef = 2EC6CAE12BEED1D5009C7002 /* CustomError.swift */; };
		2EC6CAE92BEEDD46009C7002 /* Constants.swift in Sources */ = {isa = PBXBuildFile; fileRef = 2EC6CAE82BEEDD46009C7002 /* Constants.swift */; };
		2EC6CAEC2BEEEBB5009C7002 /* Date.swift in Sources */ = {isa = PBXBuildFile; fileRef = 2EC6CAEB2BEEEBB5009C7002 /* Date.swift */; };
		2ED7F5A32BF169FE00720874 /* CustomSheetHeight.swift in Sources */ = {isa = PBXBuildFile; fileRef = 2ED7F5A22BF169FE00720874 /* CustomSheetHeight.swift */; };
/* End PBXBuildFile section */

/* Begin PBXFileReference section */
		2E39A9AB2BF03D7C00A93F19 /* Utils.swift */ = {isa = PBXFileReference; lastKnownFileType = sourcecode.swift; path = Utils.swift; sourceTree = "<group>"; };
		2E53A2FB2BEFE5CD00D81297 /* HomeNavigationStack.swift */ = {isa = PBXFileReference; lastKnownFileType = sourcecode.swift; path = HomeNavigationStack.swift; sourceTree = "<group>"; };
		2E53A2FE2BEFF46400D81297 /* CustomContentUnavailableView.swift */ = {isa = PBXFileReference; lastKnownFileType = sourcecode.swift; path = CustomContentUnavailableView.swift; sourceTree = "<group>"; };
		2E5868A22BFD471300222850 /* WeightInput.swift */ = {isa = PBXFileReference; lastKnownFileType = sourcecode.swift; path = WeightInput.swift; sourceTree = "<group>"; };
		2E5868A42BFD47A000222850 /* WeightInputView.swift */ = {isa = PBXFileReference; lastKnownFileType = sourcecode.swift; path = WeightInputView.swift; sourceTree = "<group>"; };
		2E5868A92BFD6B1F00222850 /* BasicInfoCardView.swift */ = {isa = PBXFileReference; lastKnownFileType = sourcecode.swift; path = BasicInfoCardView.swift; sourceTree = "<group>"; };
		2E5FF2C12BF67BD500779ADC /* BackgroundView.swift */ = {isa = PBXFileReference; lastKnownFileType = sourcecode.swift; path = BackgroundView.swift; sourceTree = "<group>"; };
		2E5FF2C32BF67F4500779ADC /* ActivityPermissionsView.swift */ = {isa = PBXFileReference; lastKnownFileType = sourcecode.swift; path = ActivityPermissionsView.swift; sourceTree = "<group>"; };
		2E5FF2C52BF6A0FA00779ADC /* AllSetView.swift */ = {isa = PBXFileReference; lastKnownFileType = sourcecode.swift; path = AllSetView.swift; sourceTree = "<group>"; };
		2E5FF2C72BF6A12800779ADC /* OnboardingTitleAndSubtitle.swift */ = {isa = PBXFileReference; lastKnownFileType = sourcecode.swift; path = OnboardingTitleAndSubtitle.swift; sourceTree = "<group>"; };
		2E64893E2BF6CFDC00D083FB /* Int.swift */ = {isa = PBXFileReference; lastKnownFileType = sourcecode.swift; path = Int.swift; sourceTree = "<group>"; };
		2E69B9DF2BF93F2E0006E12A /* DateFormatter.swift */ = {isa = PBXFileReference; lastKnownFileType = sourcecode.swift; path = DateFormatter.swift; sourceTree = "<group>"; };
		2E6A57682BF8D0E90012F0C1 /* TimePeriod.swift */ = {isa = PBXFileReference; lastKnownFileType = sourcecode.swift; path = TimePeriod.swift; sourceTree = "<group>"; };
		2E7183C22BF8066E0029CAF0 /* HomeCardGroupBoxStyle.swift */ = {isa = PBXFileReference; lastKnownFileType = sourcecode.swift; path = HomeCardGroupBoxStyle.swift; sourceTree = "<group>"; };
		2E7183C42BF827DF0029CAF0 /* StepGoalManager.swift */ = {isa = PBXFileReference; lastKnownFileType = sourcecode.swift; path = StepGoalManager.swift; sourceTree = "<group>"; };
		2E8806042BF54AE300E12456 /* OnboardingView.swift */ = {isa = PBXFileReference; lastKnownFileType = sourcecode.swift; path = OnboardingView.swift; sourceTree = "<group>"; };
		2E8806062BF5548200E12456 /* SetStepGoalView.swift */ = {isa = PBXFileReference; lastKnownFileType = sourcecode.swift; path = SetStepGoalView.swift; sourceTree = "<group>"; };
		2E8806082BF5568400E12456 /* OnboardingViewModel.swift */ = {isa = PBXFileReference; lastKnownFileType = sourcecode.swift; path = OnboardingViewModel.swift; sourceTree = "<group>"; };
		2E88060A2BF562CC00E12456 /* CustomButton.swift */ = {isa = PBXFileReference; lastKnownFileType = sourcecode.swift; path = CustomButton.swift; sourceTree = "<group>"; };
		2E88060C2BF5636400E12456 /* StepperView.swift */ = {isa = PBXFileReference; lastKnownFileType = sourcecode.swift; path = StepperView.swift; sourceTree = "<group>"; };
		2E90E78D2BFE58D5003DE59F /* UpdateStepGoalView.swift */ = {isa = PBXFileReference; lastKnownFileType = sourcecode.swift; path = UpdateStepGoalView.swift; sourceTree = "<group>"; };
		2EA2F5C42BFA3D39003E3526 /* WeightView.swift */ = {isa = PBXFileReference; lastKnownFileType = sourcecode.swift; path = WeightView.swift; sourceTree = "<group>"; };
		2EA2F5C62BFA444A003E3526 /* Weight.swift */ = {isa = PBXFileReference; lastKnownFileType = sourcecode.swift; path = Weight.swift; sourceTree = "<group>"; };
		2EA2F5C82BFA72BA003E3526 /* LogWeightView.swift */ = {isa = PBXFileReference; lastKnownFileType = sourcecode.swift; path = LogWeightView.swift; sourceTree = "<group>"; };
		2EA2F5CA2BFA9304003E3526 /* Double.swift */ = {isa = PBXFileReference; lastKnownFileType = sourcecode.swift; path = Double.swift; sourceTree = "<group>"; };
		2EA2F5CF2BFAB171003E3526 /* UpdateWeightView.swift */ = {isa = PBXFileReference; lastKnownFileType = sourcecode.swift; path = UpdateWeightView.swift; sourceTree = "<group>"; };
		2EA2F5D12BFAB665003E3526 /* WeightChartView.swift */ = {isa = PBXFileReference; lastKnownFileType = sourcecode.swift; path = WeightChartView.swift; sourceTree = "<group>"; };
		2EA2F5D32BFAB7B7003E3526 /* WeightContentUnavailableView.swift */ = {isa = PBXFileReference; lastKnownFileType = sourcecode.swift; path = WeightContentUnavailableView.swift; sourceTree = "<group>"; };
		2EA3733D2BEF97A000843FCA /* ReadHeightViewModifier.swift */ = {isa = PBXFileReference; lastKnownFileType = sourcecode.swift; path = ReadHeightViewModifier.swift; sourceTree = "<group>"; };
		2EA373402BEFCB7A00843FCA /* AverageStepsView.swift */ = {isa = PBXFileReference; lastKnownFileType = sourcecode.swift; path = AverageStepsView.swift; sourceTree = "<group>"; };
		2EA373432BEFD69700843FCA /* DailyStep.swift */ = {isa = PBXFileReference; lastKnownFileType = sourcecode.swift; path = DailyStep.swift; sourceTree = "<group>"; };
		2EBC6EAA2BF4255F00FCDBA4 /* CardView.swift */ = {isa = PBXFileReference; lastKnownFileType = sourcecode.swift; path = CardView.swift; sourceTree = "<group>"; };
		2EBC6EAC2BF4274A00FCDBA4 /* LoadingView.swift */ = {isa = PBXFileReference; lastKnownFileType = sourcecode.swift; path = LoadingView.swift; sourceTree = "<group>"; };
		2EC6CAB72BEE8F2C009C7002 /* Fittie.app */ = {isa = PBXFileReference; explicitFileType = wrapper.application; includeInIndex = 0; path = Fittie.app; sourceTree = BUILT_PRODUCTS_DIR; };
		2EC6CABA2BEE8F2C009C7002 /* FittieApp.swift */ = {isa = PBXFileReference; lastKnownFileType = sourcecode.swift; path = FittieApp.swift; sourceTree = "<group>"; };
		2EC6CABC2BEE8F2C009C7002 /* ContentView.swift */ = {isa = PBXFileReference; lastKnownFileType = sourcecode.swift; path = ContentView.swift; sourceTree = "<group>"; };
		2EC6CABE2BEE8F2F009C7002 /* Assets.xcassets */ = {isa = PBXFileReference; lastKnownFileType = folder.assetcatalog; path = Assets.xcassets; sourceTree = "<group>"; };
		2EC6CAC12BEE8F2F009C7002 /* Preview Assets.xcassets */ = {isa = PBXFileReference; lastKnownFileType = folder.assetcatalog; path = "Preview Assets.xcassets"; sourceTree = "<group>"; };
		2EC6CAC92BEE9116009C7002 /* HomeView.swift */ = {isa = PBXFileReference; lastKnownFileType = sourcecode.swift; path = HomeView.swift; sourceTree = "<group>"; };
		2EC6CACD2BEE91F4009C7002 /* AppScreen.swift */ = {isa = PBXFileReference; lastKnownFileType = sourcecode.swift; path = AppScreen.swift; sourceTree = "<group>"; };
		2EC6CAD02BEE92C2009C7002 /* Localizable.strings */ = {isa = PBXFileReference; lastKnownFileType = text.plist.strings; path = Localizable.strings; sourceTree = "<group>"; };
		2EC6CAD22BEE9378009C7002 /* AppTabView.swift */ = {isa = PBXFileReference; lastKnownFileType = sourcecode.swift; path = AppTabView.swift; sourceTree = "<group>"; };
		2EC6CAD82BEEBF52009C7002 /* HealthKitManager.swift */ = {isa = PBXFileReference; lastKnownFileType = sourcecode.swift; path = HealthKitManager.swift; sourceTree = "<group>"; };
		2EC6CADA2BEEBF7F009C7002 /* Fittie.entitlements */ = {isa = PBXFileReference; lastKnownFileType = text.plist.entitlements; path = Fittie.entitlements; sourceTree = "<group>"; };
		2EC6CADB2BEEBFBB009C7002 /* Info.plist */ = {isa = PBXFileReference; lastKnownFileType = text.plist; path = Info.plist; sourceTree = "<group>"; };
		2EC6CADD2BEEC2A5009C7002 /* Containers.swift */ = {isa = PBXFileReference; lastKnownFileType = sourcecode.swift; path = Containers.swift; sourceTree = "<group>"; };
		2EC6CADF2BEEC2FC009C7002 /* HomeViewModel.swift */ = {isa = PBXFileReference; lastKnownFileType = sourcecode.swift; path = HomeViewModel.swift; sourceTree = "<group>"; };
		2EC6CAE12BEED1D5009C7002 /* CustomError.swift */ = {isa = PBXFileReference; lastKnownFileType = sourcecode.swift; path = CustomError.swift; sourceTree = "<group>"; };
		2EC6CAE82BEEDD46009C7002 /* Constants.swift */ = {isa = PBXFileReference; lastKnownFileType = sourcecode.swift; path = Constants.swift; sourceTree = "<group>"; };
		2EC6CAEB2BEEEBB5009C7002 /* Date.swift */ = {isa = PBXFileReference; lastKnownFileType = sourcecode.swift; path = Date.swift; sourceTree = "<group>"; };
		2ED7F5A22BF169FE00720874 /* CustomSheetHeight.swift */ = {isa = PBXFileReference; lastKnownFileType = sourcecode.swift; path = CustomSheetHeight.swift; sourceTree = "<group>"; };
/* End PBXFileReference section */

/* Begin PBXFrameworksBuildPhase section */
		2EC6CAB42BEE8F2C009C7002 /* Frameworks */ = {
			isa = PBXFrameworksBuildPhase;
			buildActionMask = 2147483647;
			files = (
				2EC6CAD62BEEBF37009C7002 /* Factory in Frameworks */,
			);
			runOnlyForDeploymentPostprocessing = 0;
		};
/* End PBXFrameworksBuildPhase section */

/* Begin PBXGroup section */
		2E53A2FD2BEFF42C00D81297 /* Components */ = {
			isa = PBXGroup;
			children = (
				2E53A2FE2BEFF46400D81297 /* CustomContentUnavailableView.swift */,
				2EBC6EAA2BF4255F00FCDBA4 /* CardView.swift */,
				2EBC6EAC2BF4274A00FCDBA4 /* LoadingView.swift */,
				2E88060A2BF562CC00E12456 /* CustomButton.swift */,
				2E88060C2BF5636400E12456 /* StepperView.swift */,
				2E5FF2C12BF67BD500779ADC /* BackgroundView.swift */,
				2E5868A22BFD471300222850 /* WeightInput.swift */,
			);
			path = Components;
			sourceTree = "<group>";
		};
		2E8806032BF54AAE00E12456 /* Onboarding */ = {
			isa = PBXGroup;
			children = (
				2E8806042BF54AE300E12456 /* OnboardingView.swift */,
				2E8806062BF5548200E12456 /* SetStepGoalView.swift */,
				2E8806082BF5568400E12456 /* OnboardingViewModel.swift */,
				2E5FF2C32BF67F4500779ADC /* ActivityPermissionsView.swift */,
				2E5FF2C52BF6A0FA00779ADC /* AllSetView.swift */,
				2E5FF2C72BF6A12800779ADC /* OnboardingTitleAndSubtitle.swift */,
			);
			path = Onboarding;
			sourceTree = "<group>";
		};
		2EA2F5C32BFA3D25003E3526 /* WeightView */ = {
			isa = PBXGroup;
			children = (
				2EA2F5CC2BFAA319003E3526 /* WeightSheets */,
				2EA2F5C42BFA3D39003E3526 /* WeightView.swift */,
				2EA2F5D12BFAB665003E3526 /* WeightChartView.swift */,
				2EA2F5D32BFAB7B7003E3526 /* WeightContentUnavailableView.swift */,
			);
			path = WeightView;
			sourceTree = "<group>";
		};
		2EA2F5CC2BFAA319003E3526 /* WeightSheets */ = {
			isa = PBXGroup;
			children = (
				2EA2F5C82BFA72BA003E3526 /* LogWeightView.swift */,
				2EA2F5CF2BFAB171003E3526 /* UpdateWeightView.swift */,
				2E5868A42BFD47A000222850 /* WeightInputView.swift */,
			);
			path = WeightSheets;
			sourceTree = "<group>";
		};
		2EA3733C2BEF978900843FCA /* ViewModifiers */ = {
			isa = PBXGroup;
			children = (
				2EA3733D2BEF97A000843FCA /* ReadHeightViewModifier.swift */,
				2ED7F5A22BF169FE00720874 /* CustomSheetHeight.swift */,
				2E7183C22BF8066E0029CAF0 /* HomeCardGroupBoxStyle.swift */,
			);
			path = ViewModifiers;
			sourceTree = "<group>";
		};
		2EA3733F2BEFCB4100843FCA /* AverageStepsView */ = {
			isa = PBXGroup;
			children = (
				2E90E78D2BFE58D5003DE59F /* UpdateStepGoalView.swift */,
				2EA373402BEFCB7A00843FCA /* AverageStepsView.swift */,
			);
			path = AverageStepsView;
			sourceTree = "<group>";
		};
		2EA373422BEFD67E00843FCA /* Models */ = {
			isa = PBXGroup;
			children = (
				2EA373432BEFD69700843FCA /* DailyStep.swift */,
				2E6A57682BF8D0E90012F0C1 /* TimePeriod.swift */,
				2EA2F5C62BFA444A003E3526 /* Weight.swift */,
			);
			path = Models;
			sourceTree = "<group>";
		};
		2EC6CAAE2BEE8F2C009C7002 = {
			isa = PBXGroup;
			children = (
				2EC6CAB92BEE8F2C009C7002 /* Fittie */,
				2EC6CAB82BEE8F2C009C7002 /* Products */,
			);
			sourceTree = "<group>";
		};
		2EC6CAB82BEE8F2C009C7002 /* Products */ = {
			isa = PBXGroup;
			children = (
				2EC6CAB72BEE8F2C009C7002 /* Fittie.app */,
			);
			name = Products;
			sourceTree = "<group>";
		};
		2EC6CAB92BEE8F2C009C7002 /* Fittie */ = {
			isa = PBXGroup;
			children = (
				2EC6CADB2BEEBFBB009C7002 /* Info.plist */,
				2EC6CADA2BEEBF7F009C7002 /* Fittie.entitlements */,
				2EC6CACB2BEE9174009C7002 /* App */,
				2EA373422BEFD67E00843FCA /* Models */,
				2EC6CADC2BEEC146009C7002 /* Factory */,
				2EC6CAD72BEEBF42009C7002 /* Managers */,
				2E8806032BF54AAE00E12456 /* Onboarding */,
				2EC6CAC82BEE8FB6009C7002 /* Home */,
				2EC6CACC2BEE91DF009C7002 /* Navigation */,
				2E53A2FD2BEFF42C00D81297 /* Components */,
				2EC6CACF2BEE9291009C7002 /* Utils */,
				2EC6CABE2BEE8F2F009C7002 /* Assets.xcassets */,
				2EC6CAC02BEE8F2F009C7002 /* Preview Content */,
			);
			path = Fittie;
			sourceTree = "<group>";
		};
		2EC6CAC02BEE8F2F009C7002 /* Preview Content */ = {
			isa = PBXGroup;
			children = (
				2EC6CAC12BEE8F2F009C7002 /* Preview Assets.xcassets */,
			);
			path = "Preview Content";
			sourceTree = "<group>";
		};
		2EC6CAC82BEE8FB6009C7002 /* Home */ = {
			isa = PBXGroup;
			children = (
				2EC6CAC92BEE9116009C7002 /* HomeView.swift */,
				2EC6CADF2BEEC2FC009C7002 /* HomeViewModel.swift */,
				2E53A2FB2BEFE5CD00D81297 /* HomeNavigationStack.swift */,
				2EA3733F2BEFCB4100843FCA /* AverageStepsView */,
				2EA2F5C32BFA3D25003E3526 /* WeightView */,
				2E5868A92BFD6B1F00222850 /* BasicInfoCardView.swift */,
			);
			path = Home;
			sourceTree = "<group>";
		};
		2EC6CACB2BEE9174009C7002 /* App */ = {
			isa = PBXGroup;
			children = (
				2EC6CABA2BEE8F2C009C7002 /* FittieApp.swift */,
				2EC6CABC2BEE8F2C009C7002 /* ContentView.swift */,
			);
			path = App;
			sourceTree = "<group>";
		};
		2EC6CACC2BEE91DF009C7002 /* Navigation */ = {
			isa = PBXGroup;
			children = (
				2EC6CACD2BEE91F4009C7002 /* AppScreen.swift */,
				2EC6CAD22BEE9378009C7002 /* AppTabView.swift */,
			);
			path = Navigation;
			sourceTree = "<group>";
		};
		2EC6CACF2BEE9291009C7002 /* Utils */ = {
			isa = PBXGroup;
			children = (
				2EA3733C2BEF978900843FCA /* ViewModifiers */,
				2EC6CAEA2BEEEBAB009C7002 /* Extensions */,
				2EC6CAD02BEE92C2009C7002 /* Localizable.strings */,
				2EC6CAE12BEED1D5009C7002 /* CustomError.swift */,
				2EC6CAE82BEEDD46009C7002 /* Constants.swift */,
				2E39A9AB2BF03D7C00A93F19 /* Utils.swift */,
			);
			path = Utils;
			sourceTree = "<group>";
		};
		2EC6CAD72BEEBF42009C7002 /* Managers */ = {
			isa = PBXGroup;
			children = (
				2EC6CAD82BEEBF52009C7002 /* HealthKitManager.swift */,
				2E7183C42BF827DF0029CAF0 /* StepGoalManager.swift */,
			);
			path = Managers;
			sourceTree = "<group>";
		};
		2EC6CADC2BEEC146009C7002 /* Factory */ = {
			isa = PBXGroup;
			children = (
				2EC6CADD2BEEC2A5009C7002 /* Containers.swift */,
			);
			path = Factory;
			sourceTree = "<group>";
		};
		2EC6CAEA2BEEEBAB009C7002 /* Extensions */ = {
			isa = PBXGroup;
			children = (
				2EC6CAEB2BEEEBB5009C7002 /* Date.swift */,
				2E64893E2BF6CFDC00D083FB /* Int.swift */,
				2E69B9DF2BF93F2E0006E12A /* DateFormatter.swift */,
				2EA2F5CA2BFA9304003E3526 /* Double.swift */,
			);
			path = Extensions;
			sourceTree = "<group>";
		};
/* End PBXGroup section */

/* Begin PBXNativeTarget section */
		2EC6CAB62BEE8F2C009C7002 /* Fittie */ = {
			isa = PBXNativeTarget;
			buildConfigurationList = 2EC6CAC52BEE8F2F009C7002 /* Build configuration list for PBXNativeTarget "Fittie" */;
			buildPhases = (
				2EC6CAB32BEE8F2C009C7002 /* Sources */,
				2EC6CAB42BEE8F2C009C7002 /* Frameworks */,
				2EC6CAB52BEE8F2C009C7002 /* Resources */,
			);
			buildRules = (
			);
			dependencies = (
			);
			name = Fittie;
			packageProductDependencies = (
				2EC6CAD52BEEBF37009C7002 /* Factory */,
			);
			productName = TrackingSpotter;
			productReference = 2EC6CAB72BEE8F2C009C7002 /* Fittie.app */;
			productType = "com.apple.product-type.application";
		};
/* End PBXNativeTarget section */

/* Begin PBXProject section */
		2EC6CAAF2BEE8F2C009C7002 /* Project object */ = {
			isa = PBXProject;
			attributes = {
				BuildIndependentTargetsInParallel = 1;
				LastSwiftUpdateCheck = 1520;
				LastUpgradeCheck = 1520;
				TargetAttributes = {
					2EC6CAB62BEE8F2C009C7002 = {
						CreatedOnToolsVersion = 15.2;
					};
				};
			};
			buildConfigurationList = 2EC6CAB22BEE8F2C009C7002 /* Build configuration list for PBXProject "Fittie" */;
			compatibilityVersion = "Xcode 14.0";
			developmentRegion = en;
			hasScannedForEncodings = 0;
			knownRegions = (
				en,
				Base,
			);
			mainGroup = 2EC6CAAE2BEE8F2C009C7002;
			packageReferences = (
				2EC6CAD42BEEBF37009C7002 /* XCRemoteSwiftPackageReference "Factory" */,
			);
			productRefGroup = 2EC6CAB82BEE8F2C009C7002 /* Products */;
			projectDirPath = "";
			projectRoot = "";
			targets = (
				2EC6CAB62BEE8F2C009C7002 /* Fittie */,
			);
		};
/* End PBXProject section */

/* Begin PBXResourcesBuildPhase section */
		2EC6CAB52BEE8F2C009C7002 /* Resources */ = {
			isa = PBXResourcesBuildPhase;
			buildActionMask = 2147483647;
			files = (
				2EC6CAC22BEE8F2F009C7002 /* Preview Assets.xcassets in Resources */,
				2EC6CAD12BEE92C2009C7002 /* Localizable.strings in Resources */,
				2EC6CABF2BEE8F2F009C7002 /* Assets.xcassets in Resources */,
			);
			runOnlyForDeploymentPostprocessing = 0;
		};
/* End PBXResourcesBuildPhase section */

/* Begin PBXSourcesBuildPhase section */
		2EC6CAB32BEE8F2C009C7002 /* Sources */ = {
			isa = PBXSourcesBuildPhase;
			buildActionMask = 2147483647;
			files = (
				2E88060D2BF5636400E12456 /* StepperView.swift in Sources */,
				2E53A2FC2BEFE5CD00D81297 /* HomeNavigationStack.swift in Sources */,
				2EA2F5C92BFA72BA003E3526 /* LogWeightView.swift in Sources */,
				2EC6CACA2BEE9116009C7002 /* HomeView.swift in Sources */,
				2E6A57692BF8D0E90012F0C1 /* TimePeriod.swift in Sources */,
				2EA373412BEFCB7A00843FCA /* AverageStepsView.swift in Sources */,
				2EA3733E2BEF97A000843FCA /* ReadHeightViewModifier.swift in Sources */,
				2EC6CAE92BEEDD46009C7002 /* Constants.swift in Sources */,
				2EC6CABD2BEE8F2C009C7002 /* ContentView.swift in Sources */,
				2E69B9E02BF93F2E0006E12A /* DateFormatter.swift in Sources */,
				2E5FF2C42BF67F4500779ADC /* ActivityPermissionsView.swift in Sources */,
				2E7183C32BF8066E0029CAF0 /* HomeCardGroupBoxStyle.swift in Sources */,
				2EC6CAD92BEEBF52009C7002 /* HealthKitManager.swift in Sources */,
				2E5868AA2BFD6B1F00222850 /* BasicInfoCardView.swift in Sources */,
				2EA2F5D42BFAB7B7003E3526 /* WeightContentUnavailableView.swift in Sources */,
				2EA2F5D02BFAB171003E3526 /* UpdateWeightView.swift in Sources */,
				2E5FF2C22BF67BD500779ADC /* BackgroundView.swift in Sources */,
				2EC6CAE02BEEC2FC009C7002 /* HomeViewModel.swift in Sources */,
				2EBC6EAD2BF4274A00FCDBA4 /* LoadingView.swift in Sources */,
				2E64893F2BF6CFDC00D083FB /* Int.swift in Sources */,
				2E5868A32BFD471300222850 /* WeightInput.swift in Sources */,
				2E8806052BF54AE300E12456 /* OnboardingView.swift in Sources */,
				2EC6CABB2BEE8F2C009C7002 /* FittieApp.swift in Sources */,
				2EA2F5C72BFA444A003E3526 /* Weight.swift in Sources */,
				2E88060B2BF562CC00E12456 /* CustomButton.swift in Sources */,
				2EA373442BEFD69700843FCA /* DailyStep.swift in Sources */,
				2E8806092BF5568400E12456 /* OnboardingViewModel.swift in Sources */,
				2EBC6EAB2BF4255F00FCDBA4 /* CardView.swift in Sources */,
				2E5868A52BFD47A000222850 /* WeightInputView.swift in Sources */,
				2EC6CAE22BEED1D5009C7002 /* CustomError.swift in Sources */,
				2EA2F5D22BFAB665003E3526 /* WeightChartView.swift in Sources */,
				2E8806072BF5548200E12456 /* SetStepGoalView.swift in Sources */,
				2E90E78E2BFE58D5003DE59F /* UpdateStepGoalView.swift in Sources */,
				2EC6CAEC2BEEEBB5009C7002 /* Date.swift in Sources */,
				2E5FF2C82BF6A12800779ADC /* OnboardingTitleAndSubtitle.swift in Sources */,
				2E5FF2C62BF6A0FA00779ADC /* AllSetView.swift in Sources */,
				2EC6CACE2BEE91F4009C7002 /* AppScreen.swift in Sources */,
				2E39A9AC2BF03D7C00A93F19 /* Utils.swift in Sources */,
				2EC6CADE2BEEC2A5009C7002 /* Containers.swift in Sources */,
				2E7183C52BF827DF0029CAF0 /* StepGoalManager.swift in Sources */,
				2EA2F5CB2BFA9304003E3526 /* Double.swift in Sources */,
				2ED7F5A32BF169FE00720874 /* CustomSheetHeight.swift in Sources */,
				2E53A2FF2BEFF46400D81297 /* CustomContentUnavailableView.swift in Sources */,
				2EA2F5C52BFA3D39003E3526 /* WeightView.swift in Sources */,
				2EC6CAD32BEE9378009C7002 /* AppTabView.swift in Sources */,
			);
			runOnlyForDeploymentPostprocessing = 0;
		};
/* End PBXSourcesBuildPhase section */

/* Begin XCBuildConfiguration section */
		2EC6CAC32BEE8F2F009C7002 /* Debug */ = {
			isa = XCBuildConfiguration;
			buildSettings = {
				ALWAYS_SEARCH_USER_PATHS = NO;
				ASSETCATALOG_COMPILER_GENERATE_SWIFT_ASSET_SYMBOL_EXTENSIONS = YES;
				CLANG_ANALYZER_NONNULL = YES;
				CLANG_ANALYZER_NUMBER_OBJECT_CONVERSION = YES_AGGRESSIVE;
				CLANG_CXX_LANGUAGE_STANDARD = "gnu++20";
				CLANG_ENABLE_MODULES = YES;
				CLANG_ENABLE_OBJC_ARC = YES;
				CLANG_ENABLE_OBJC_WEAK = YES;
				CLANG_WARN_BLOCK_CAPTURE_AUTORELEASING = YES;
				CLANG_WARN_BOOL_CONVERSION = YES;
				CLANG_WARN_COMMA = YES;
				CLANG_WARN_CONSTANT_CONVERSION = YES;
				CLANG_WARN_DEPRECATED_OBJC_IMPLEMENTATIONS = YES;
				CLANG_WARN_DIRECT_OBJC_ISA_USAGE = YES_ERROR;
				CLANG_WARN_DOCUMENTATION_COMMENTS = YES;
				CLANG_WARN_EMPTY_BODY = YES;
				CLANG_WARN_ENUM_CONVERSION = YES;
				CLANG_WARN_INFINITE_RECURSION = YES;
				CLANG_WARN_INT_CONVERSION = YES;
				CLANG_WARN_NON_LITERAL_NULL_CONVERSION = YES;
				CLANG_WARN_OBJC_IMPLICIT_RETAIN_SELF = YES;
				CLANG_WARN_OBJC_LITERAL_CONVERSION = YES;
				CLANG_WARN_OBJC_ROOT_CLASS = YES_ERROR;
				CLANG_WARN_QUOTED_INCLUDE_IN_FRAMEWORK_HEADER = YES;
				CLANG_WARN_RANGE_LOOP_ANALYSIS = YES;
				CLANG_WARN_STRICT_PROTOTYPES = YES;
				CLANG_WARN_SUSPICIOUS_MOVE = YES;
				CLANG_WARN_UNGUARDED_AVAILABILITY = YES_AGGRESSIVE;
				CLANG_WARN_UNREACHABLE_CODE = YES;
				CLANG_WARN__DUPLICATE_METHOD_MATCH = YES;
				COPY_PHASE_STRIP = NO;
				DEBUG_INFORMATION_FORMAT = dwarf;
				ENABLE_STRICT_OBJC_MSGSEND = YES;
				ENABLE_TESTABILITY = YES;
				ENABLE_USER_SCRIPT_SANDBOXING = YES;
				GCC_C_LANGUAGE_STANDARD = gnu17;
				GCC_DYNAMIC_NO_PIC = NO;
				GCC_NO_COMMON_BLOCKS = YES;
				GCC_OPTIMIZATION_LEVEL = 0;
				GCC_PREPROCESSOR_DEFINITIONS = (
					"DEBUG=1",
					"$(inherited)",
				);
				GCC_WARN_64_TO_32_BIT_CONVERSION = YES;
				GCC_WARN_ABOUT_RETURN_TYPE = YES_ERROR;
				GCC_WARN_UNDECLARED_SELECTOR = YES;
				GCC_WARN_UNINITIALIZED_AUTOS = YES_AGGRESSIVE;
				GCC_WARN_UNUSED_FUNCTION = YES;
				GCC_WARN_UNUSED_VARIABLE = YES;
				IPHONEOS_DEPLOYMENT_TARGET = 17.2;
				LOCALIZATION_PREFERS_STRING_CATALOGS = YES;
				MTL_ENABLE_DEBUG_INFO = INCLUDE_SOURCE;
				MTL_FAST_MATH = YES;
				ONLY_ACTIVE_ARCH = YES;
				SDKROOT = iphoneos;
				SWIFT_ACTIVE_COMPILATION_CONDITIONS = "DEBUG $(inherited)";
				SWIFT_OPTIMIZATION_LEVEL = "-Onone";
			};
			name = Debug;
		};
		2EC6CAC42BEE8F2F009C7002 /* Release */ = {
			isa = XCBuildConfiguration;
			buildSettings = {
				ALWAYS_SEARCH_USER_PATHS = NO;
				ASSETCATALOG_COMPILER_GENERATE_SWIFT_ASSET_SYMBOL_EXTENSIONS = YES;
				CLANG_ANALYZER_NONNULL = YES;
				CLANG_ANALYZER_NUMBER_OBJECT_CONVERSION = YES_AGGRESSIVE;
				CLANG_CXX_LANGUAGE_STANDARD = "gnu++20";
				CLANG_ENABLE_MODULES = YES;
				CLANG_ENABLE_OBJC_ARC = YES;
				CLANG_ENABLE_OBJC_WEAK = YES;
				CLANG_WARN_BLOCK_CAPTURE_AUTORELEASING = YES;
				CLANG_WARN_BOOL_CONVERSION = YES;
				CLANG_WARN_COMMA = YES;
				CLANG_WARN_CONSTANT_CONVERSION = YES;
				CLANG_WARN_DEPRECATED_OBJC_IMPLEMENTATIONS = YES;
				CLANG_WARN_DIRECT_OBJC_ISA_USAGE = YES_ERROR;
				CLANG_WARN_DOCUMENTATION_COMMENTS = YES;
				CLANG_WARN_EMPTY_BODY = YES;
				CLANG_WARN_ENUM_CONVERSION = YES;
				CLANG_WARN_INFINITE_RECURSION = YES;
				CLANG_WARN_INT_CONVERSION = YES;
				CLANG_WARN_NON_LITERAL_NULL_CONVERSION = YES;
				CLANG_WARN_OBJC_IMPLICIT_RETAIN_SELF = YES;
				CLANG_WARN_OBJC_LITERAL_CONVERSION = YES;
				CLANG_WARN_OBJC_ROOT_CLASS = YES_ERROR;
				CLANG_WARN_QUOTED_INCLUDE_IN_FRAMEWORK_HEADER = YES;
				CLANG_WARN_RANGE_LOOP_ANALYSIS = YES;
				CLANG_WARN_STRICT_PROTOTYPES = YES;
				CLANG_WARN_SUSPICIOUS_MOVE = YES;
				CLANG_WARN_UNGUARDED_AVAILABILITY = YES_AGGRESSIVE;
				CLANG_WARN_UNREACHABLE_CODE = YES;
				CLANG_WARN__DUPLICATE_METHOD_MATCH = YES;
				COPY_PHASE_STRIP = NO;
				DEBUG_INFORMATION_FORMAT = "dwarf-with-dsym";
				ENABLE_NS_ASSERTIONS = NO;
				ENABLE_STRICT_OBJC_MSGSEND = YES;
				ENABLE_USER_SCRIPT_SANDBOXING = YES;
				GCC_C_LANGUAGE_STANDARD = gnu17;
				GCC_NO_COMMON_BLOCKS = YES;
				GCC_WARN_64_TO_32_BIT_CONVERSION = YES;
				GCC_WARN_ABOUT_RETURN_TYPE = YES_ERROR;
				GCC_WARN_UNDECLARED_SELECTOR = YES;
				GCC_WARN_UNINITIALIZED_AUTOS = YES_AGGRESSIVE;
				GCC_WARN_UNUSED_FUNCTION = YES;
				GCC_WARN_UNUSED_VARIABLE = YES;
				IPHONEOS_DEPLOYMENT_TARGET = 17.2;
				LOCALIZATION_PREFERS_STRING_CATALOGS = YES;
				MTL_ENABLE_DEBUG_INFO = NO;
				MTL_FAST_MATH = YES;
				SDKROOT = iphoneos;
				SWIFT_COMPILATION_MODE = wholemodule;
				VALIDATE_PRODUCT = YES;
			};
			name = Release;
		};
		2EC6CAC62BEE8F2F009C7002 /* Debug */ = {
			isa = XCBuildConfiguration;
			buildSettings = {
				ASSETCATALOG_COMPILER_APPICON_NAME = AppIcon;
				ASSETCATALOG_COMPILER_GLOBAL_ACCENT_COLOR_NAME = AccentColor;
				CODE_SIGN_ENTITLEMENTS = Fittie/Fittie.entitlements;
				CODE_SIGN_STYLE = Automatic;
				CURRENT_PROJECT_VERSION = 1;
				DEVELOPMENT_ASSET_PATHS = "\"Fittie/Preview Content\"";
				DEVELOPMENT_TEAM = UD7DDMT4QH;
				ENABLE_PREVIEWS = YES;
				GENERATE_INFOPLIST_FILE = YES;
				INFOPLIST_FILE = Fittie/Info.plist;
				INFOPLIST_KEY_LSApplicationCategoryType = "public.app-category.healthcare-fitness";
				INFOPLIST_KEY_NSHealthShareUsageDescription = "We need your permission to read your steps";
				INFOPLIST_KEY_NSHealthUpdateUsageDescription = "Please give your permission to read your steps";
				INFOPLIST_KEY_UIApplicationSceneManifest_Generation = YES;
				INFOPLIST_KEY_UIApplicationSupportsIndirectInputEvents = YES;
				INFOPLIST_KEY_UILaunchScreen_Generation = YES;
				INFOPLIST_KEY_UISupportedInterfaceOrientations = UIInterfaceOrientationPortrait;
				INFOPLIST_KEY_UISupportedInterfaceOrientations_iPad = "UIInterfaceOrientationLandscapeLeft UIInterfaceOrientationLandscapeRight UIInterfaceOrientationPortrait UIInterfaceOrientationPortraitUpsideDown";
				LD_RUNPATH_SEARCH_PATHS = (
					"$(inherited)",
					"@executable_path/Frameworks",
				);
				MARKETING_VERSION = 1.0;
				PRODUCT_BUNDLE_IDENTIFIER = "com.greg-ross.Fittie";
				PRODUCT_NAME = "$(TARGET_NAME)";
				SUPPORTED_PLATFORMS = "iphoneos iphonesimulator";
				SUPPORTS_MACCATALYST = NO;
				SUPPORTS_MAC_DESIGNED_FOR_IPHONE_IPAD = NO;
				SUPPORTS_XR_DESIGNED_FOR_IPHONE_IPAD = NO;
				SWIFT_EMIT_LOC_STRINGS = YES;
				SWIFT_VERSION = 5.0;
				TARGETED_DEVICE_FAMILY = 1;
			};
			name = Debug;
		};
		2EC6CAC72BEE8F2F009C7002 /* Release */ = {
			isa = XCBuildConfiguration;
			buildSettings = {
				ASSETCATALOG_COMPILER_APPICON_NAME = AppIcon;
				ASSETCATALOG_COMPILER_GLOBAL_ACCENT_COLOR_NAME = AccentColor;
				CODE_SIGN_ENTITLEMENTS = Fittie/Fittie.entitlements;
				CODE_SIGN_STYLE = Automatic;
				CURRENT_PROJECT_VERSION = 1;
				DEVELOPMENT_ASSET_PATHS = "\"Fittie/Preview Content\"";
				DEVELOPMENT_TEAM = UD7DDMT4QH;
				ENABLE_PREVIEWS = YES;
				GENERATE_INFOPLIST_FILE = YES;
				INFOPLIST_FILE = Fittie/Info.plist;
				INFOPLIST_KEY_LSApplicationCategoryType = "public.app-category.healthcare-fitness";
				INFOPLIST_KEY_NSHealthShareUsageDescription = "We need your permission to read your steps";
				INFOPLIST_KEY_NSHealthUpdateUsageDescription = "Please give your permission to read your steps";
				INFOPLIST_KEY_UIApplicationSceneManifest_Generation = YES;
				INFOPLIST_KEY_UIApplicationSupportsIndirectInputEvents = YES;
				INFOPLIST_KEY_UILaunchScreen_Generation = YES;
				INFOPLIST_KEY_UISupportedInterfaceOrientations = UIInterfaceOrientationPortrait;
				INFOPLIST_KEY_UISupportedInterfaceOrientations_iPad = "UIInterfaceOrientationLandscapeLeft UIInterfaceOrientationLandscapeRight UIInterfaceOrientationPortrait UIInterfaceOrientationPortraitUpsideDown";
				LD_RUNPATH_SEARCH_PATHS = (
					"$(inherited)",
					"@executable_path/Frameworks",
				);
				MARKETING_VERSION = 1.0;
				PRODUCT_BUNDLE_IDENTIFIER = "com.greg-ross.Fittie";
				PRODUCT_NAME = "$(TARGET_NAME)";
				SUPPORTED_PLATFORMS = "iphoneos iphonesimulator";
				SUPPORTS_MACCATALYST = NO;
				SUPPORTS_MAC_DESIGNED_FOR_IPHONE_IPAD = NO;
				SUPPORTS_XR_DESIGNED_FOR_IPHONE_IPAD = NO;
				SWIFT_EMIT_LOC_STRINGS = YES;
				SWIFT_VERSION = 5.0;
				TARGETED_DEVICE_FAMILY = 1;
			};
			name = Release;
		};
/* End XCBuildConfiguration section */

/* Begin XCConfigurationList section */
		2EC6CAB22BEE8F2C009C7002 /* Build configuration list for PBXProject "Fittie" */ = {
			isa = XCConfigurationList;
			buildConfigurations = (
				2EC6CAC32BEE8F2F009C7002 /* Debug */,
				2EC6CAC42BEE8F2F009C7002 /* Release */,
			);
			defaultConfigurationIsVisible = 0;
			defaultConfigurationName = Release;
		};
		2EC6CAC52BEE8F2F009C7002 /* Build configuration list for PBXNativeTarget "Fittie" */ = {
			isa = XCConfigurationList;
			buildConfigurations = (
				2EC6CAC62BEE8F2F009C7002 /* Debug */,
				2EC6CAC72BEE8F2F009C7002 /* Release */,
			);
			defaultConfigurationIsVisible = 0;
			defaultConfigurationName = Release;
		};
/* End XCConfigurationList section */

/* Begin XCRemoteSwiftPackageReference section */
		2EC6CAD42BEEBF37009C7002 /* XCRemoteSwiftPackageReference "Factory" */ = {
			isa = XCRemoteSwiftPackageReference;
			repositoryURL = "https://github.com/hmlongco/Factory.git";
			requirement = {
				kind = upToNextMajorVersion;
				minimumVersion = 2.3.2;
			};
		};
/* End XCRemoteSwiftPackageReference section */

/* Begin XCSwiftPackageProductDependency section */
		2EC6CAD52BEEBF37009C7002 /* Factory */ = {
			isa = XCSwiftPackageProductDependency;
			package = 2EC6CAD42BEEBF37009C7002 /* XCRemoteSwiftPackageReference "Factory" */;
			productName = Factory;
		};
/* End XCSwiftPackageProductDependency section */
	};
	rootObject = 2EC6CAAF2BEE8F2C009C7002 /* Project object */;
}
